// !$*UTF8*$!
{
	archiveVersion = 1;
	classes = {
	};
	objectVersion = 56;
	objects = {

/* Begin PBXBuildFile section */
		E32EE7E72922F0D10088580C /* AppDelegate.swift in Sources */ = {isa = PBXBuildFile; fileRef = E32EE7E62922F0D10088580C /* AppDelegate.swift */; };
		E32EE7E92922F0D10088580C /* SceneDelegate.swift in Sources */ = {isa = PBXBuildFile; fileRef = E32EE7E82922F0D10088580C /* SceneDelegate.swift */; };
		E32EE7F02922F0D40088580C /* Assets.xcassets in Resources */ = {isa = PBXBuildFile; fileRef = E32EE7EF2922F0D40088580C /* Assets.xcassets */; };
		E32EE7F32922F0D40088580C /* LaunchScreen.storyboard in Resources */ = {isa = PBXBuildFile; fileRef = E32EE7F12922F0D40088580C /* LaunchScreen.storyboard */; };
		E32EE7FE2922F2930088580C /* Coordinator.swift in Sources */ = {isa = PBXBuildFile; fileRef = E32EE7FD2922F2930088580C /* Coordinator.swift */; };
		E32EE8002922F4970088580C /* LoginCoordinator.swift in Sources */ = {isa = PBXBuildFile; fileRef = E32EE7FF2922F4970088580C /* LoginCoordinator.swift */; };
		E32EE8032922F5760088580C /* LoginViewController.swift in Sources */ = {isa = PBXBuildFile; fileRef = E32EE8022922F5760088580C /* LoginViewController.swift */; };
		E32EE8052922F79F0088580C /* LoginView.swift in Sources */ = {isa = PBXBuildFile; fileRef = E32EE8042922F79F0088580C /* LoginView.swift */; };
		E32EE8092923016A0088580C /* LabelDefault.swift in Sources */ = {isa = PBXBuildFile; fileRef = E32EE8082923016A0088580C /* LabelDefault.swift */; };
		E32EE80B292305BE0088580C /* TextFieldDefault.swift in Sources */ = {isa = PBXBuildFile; fileRef = E32EE80A292305BE0088580C /* TextFieldDefault.swift */; };
		E32EE80D292306BE0088580C /* ButtonDefault.swift in Sources */ = {isa = PBXBuildFile; fileRef = E32EE80C292306BE0088580C /* ButtonDefault.swift */; };
/* End PBXBuildFile section */

/* Begin PBXFileReference section */
		E32EE7E32922F0D10088580C /* MeusGastos.app */ = {isa = PBXFileReference; explicitFileType = wrapper.application; includeInIndex = 0; path = MeusGastos.app; sourceTree = BUILT_PRODUCTS_DIR; };
		E32EE7E62922F0D10088580C /* AppDelegate.swift */ = {isa = PBXFileReference; lastKnownFileType = sourcecode.swift; path = AppDelegate.swift; sourceTree = "<group>"; };
		E32EE7E82922F0D10088580C /* SceneDelegate.swift */ = {isa = PBXFileReference; lastKnownFileType = sourcecode.swift; path = SceneDelegate.swift; sourceTree = "<group>"; };
		E32EE7EF2922F0D40088580C /* Assets.xcassets */ = {isa = PBXFileReference; lastKnownFileType = folder.assetcatalog; path = Assets.xcassets; sourceTree = "<group>"; };
		E32EE7F22922F0D40088580C /* Base */ = {isa = PBXFileReference; lastKnownFileType = file.storyboard; name = Base; path = Base.lproj/LaunchScreen.storyboard; sourceTree = "<group>"; };
		E32EE7F42922F0D40088580C /* Info.plist */ = {isa = PBXFileReference; lastKnownFileType = text.plist.xml; path = Info.plist; sourceTree = "<group>"; };
		E32EE7FD2922F2930088580C /* Coordinator.swift */ = {isa = PBXFileReference; lastKnownFileType = sourcecode.swift; path = Coordinator.swift; sourceTree = "<group>"; };
		E32EE7FF2922F4970088580C /* LoginCoordinator.swift */ = {isa = PBXFileReference; lastKnownFileType = sourcecode.swift; path = LoginCoordinator.swift; sourceTree = "<group>"; };
		E32EE8022922F5760088580C /* LoginViewController.swift */ = {isa = PBXFileReference; lastKnownFileType = sourcecode.swift; path = LoginViewController.swift; sourceTree = "<group>"; };
		E32EE8042922F79F0088580C /* LoginView.swift */ = {isa = PBXFileReference; lastKnownFileType = sourcecode.swift; path = LoginView.swift; sourceTree = "<group>"; };
		E32EE8082923016A0088580C /* LabelDefault.swift */ = {isa = PBXFileReference; lastKnownFileType = sourcecode.swift; path = LabelDefault.swift; sourceTree = "<group>"; };
		E32EE80A292305BE0088580C /* TextFieldDefault.swift */ = {isa = PBXFileReference; lastKnownFileType = sourcecode.swift; path = TextFieldDefault.swift; sourceTree = "<group>"; };
		E32EE80C292306BE0088580C /* ButtonDefault.swift */ = {isa = PBXFileReference; lastKnownFileType = sourcecode.swift; path = ButtonDefault.swift; sourceTree = "<group>"; };
/* End PBXFileReference section */

/* Begin PBXFrameworksBuildPhase section */
		E32EE7E02922F0D10088580C /* Frameworks */ = {
			isa = PBXFrameworksBuildPhase;
			buildActionMask = 2147483647;
			files = (
			);
			runOnlyForDeploymentPostprocessing = 0;
		};
/* End PBXFrameworksBuildPhase section */

/* Begin PBXGroup section */
		E32EE7DA2922F0D10088580C = {
			isa = PBXGroup;
			children = (
				E32EE7FA2922F2610088580C /* Source */,
				E32EE7E52922F0D10088580C /* MeusGastos */,
				E32EE7E42922F0D10088580C /* Products */,
			);
			sourceTree = "<group>";
		};
		E32EE7E42922F0D10088580C /* Products */ = {
			isa = PBXGroup;
			children = (
				E32EE7E32922F0D10088580C /* MeusGastos.app */,
			);
			name = Products;
			sourceTree = "<group>";
		};
		E32EE7E52922F0D10088580C /* MeusGastos */ = {
			isa = PBXGroup;
			children = (
				E32EE7E62922F0D10088580C /* AppDelegate.swift */,
				E32EE7E82922F0D10088580C /* SceneDelegate.swift */,
				E32EE7EF2922F0D40088580C /* Assets.xcassets */,
				E32EE7F12922F0D40088580C /* LaunchScreen.storyboard */,
				E32EE7F42922F0D40088580C /* Info.plist */,
			);
			path = MeusGastos;
			sourceTree = "<group>";
		};
		E32EE7FA2922F2610088580C /* Source */ = {
			isa = PBXGroup;
			children = (
				E32EE806292301460088580C /* Infrastructure */,
				E32EE7FC2922F2790088580C /* ViewControllers */,
				E32EE7FB2922F26F0088580C /* Coordinator */,
			);
			path = Source;
			sourceTree = "<group>";
		};
		E32EE7FB2922F26F0088580C /* Coordinator */ = {
			isa = PBXGroup;
			children = (
				E32EE7FD2922F2930088580C /* Coordinator.swift */,
				E32EE7FF2922F4970088580C /* LoginCoordinator.swift */,
			);
			path = Coordinator;
			sourceTree = "<group>";
		};
		E32EE7FC2922F2790088580C /* ViewControllers */ = {
			isa = PBXGroup;
			children = (
				E32EE8012922F5660088580C /* Login */,
			);
			path = ViewControllers;
			sourceTree = "<group>";
		};
		E32EE8012922F5660088580C /* Login */ = {
			isa = PBXGroup;
			children = (
				E32EE8022922F5760088580C /* LoginViewController.swift */,
				E32EE8042922F79F0088580C /* LoginView.swift */,
			);
			path = Login;
			sourceTree = "<group>";
		};
		E32EE806292301460088580C /* Infrastructure */ = {
			isa = PBXGroup;
			children = (
				E32EE8072923015A0088580C /* Components */,
			);
			path = Infrastructure;
			sourceTree = "<group>";
		};
		E32EE8072923015A0088580C /* Components */ = {
			isa = PBXGroup;
			children = (
				E32EE8082923016A0088580C /* LabelDefault.swift */,
				E32EE80A292305BE0088580C /* TextFieldDefault.swift */,
				E32EE80C292306BE0088580C /* ButtonDefault.swift */,
			);
			path = Components;
			sourceTree = "<group>";
		};
/* End PBXGroup section */

/* Begin PBXNativeTarget section */
		E32EE7E22922F0D10088580C /* MeusGastos */ = {
			isa = PBXNativeTarget;
			buildConfigurationList = E32EE7F72922F0D40088580C /* Build configuration list for PBXNativeTarget "MeusGastos" */;
			buildPhases = (
				E32EE7DF2922F0D10088580C /* Sources */,
				E32EE7E02922F0D10088580C /* Frameworks */,
				E32EE7E12922F0D10088580C /* Resources */,
			);
			buildRules = (
			);
			dependencies = (
			);
			name = MeusGastos;
			productName = MeusGastos;
			productReference = E32EE7E32922F0D10088580C /* MeusGastos.app */;
			productType = "com.apple.product-type.application";
		};
/* End PBXNativeTarget section */

/* Begin PBXProject section */
		E32EE7DB2922F0D10088580C /* Project object */ = {
			isa = PBXProject;
			attributes = {
				BuildIndependentTargetsInParallel = 1;
				LastSwiftUpdateCheck = 1400;
				LastUpgradeCheck = 1400;
				TargetAttributes = {
					E32EE7E22922F0D10088580C = {
						CreatedOnToolsVersion = 14.0;
					};
				};
			};
			buildConfigurationList = E32EE7DE2922F0D10088580C /* Build configuration list for PBXProject "MeusGastos" */;
			compatibilityVersion = "Xcode 14.0";
			developmentRegion = en;
			hasScannedForEncodings = 0;
			knownRegions = (
				en,
				Base,
			);
			mainGroup = E32EE7DA2922F0D10088580C;
			productRefGroup = E32EE7E42922F0D10088580C /* Products */;
			projectDirPath = "";
			projectRoot = "";
			targets = (
				E32EE7E22922F0D10088580C /* MeusGastos */,
			);
		};
/* End PBXProject section */

/* Begin PBXResourcesBuildPhase section */
		E32EE7E12922F0D10088580C /* Resources */ = {
			isa = PBXResourcesBuildPhase;
			buildActionMask = 2147483647;
			files = (
				E32EE7F32922F0D40088580C /* LaunchScreen.storyboard in Resources */,
				E32EE7F02922F0D40088580C /* Assets.xcassets in Resources */,
			);
			runOnlyForDeploymentPostprocessing = 0;
		};
/* End PBXResourcesBuildPhase section */

/* Begin PBXSourcesBuildPhase section */
		E32EE7DF2922F0D10088580C /* Sources */ = {
			isa = PBXSourcesBuildPhase;
			buildActionMask = 2147483647;
			files = (
				E32EE8052922F79F0088580C /* LoginView.swift in Sources */,
				E32EE80D292306BE0088580C /* ButtonDefault.swift in Sources */,
				E32EE7E72922F0D10088580C /* AppDelegate.swift in Sources */,
				E32EE7E92922F0D10088580C /* SceneDelegate.swift in Sources */,
				E32EE8002922F4970088580C /* LoginCoordinator.swift in Sources */,
				E32EE8032922F5760088580C /* LoginViewController.swift in Sources */,
				E32EE8092923016A0088580C /* LabelDefault.swift in Sources */,
				E32EE7FE2922F2930088580C /* Coordinator.swift in Sources */,
				E32EE80B292305BE0088580C /* TextFieldDefault.swift in Sources */,
			);
			runOnlyForDeploymentPostprocessing = 0;
		};
/* End PBXSourcesBuildPhase section */

/* Begin PBXVariantGroup section */
		E32EE7F12922F0D40088580C /* LaunchScreen.storyboard */ = {
			isa = PBXVariantGroup;
			children = (
				E32EE7F22922F0D40088580C /* Base */,
			);
			name = LaunchScreen.storyboard;
			sourceTree = "<group>";
		};
/* End PBXVariantGroup section */

/* Begin XCBuildConfiguration section */
		E32EE7F52922F0D40088580C /* Debug */ = {
			isa = XCBuildConfiguration;
			buildSettings = {
				ALWAYS_SEARCH_USER_PATHS = NO;
				CLANG_ANALYZER_NONNULL = YES;
				CLANG_ANALYZER_NUMBER_OBJECT_CONVERSION = YES_AGGRESSIVE;
				CLANG_CXX_LANGUAGE_STANDARD = "gnu++20";
				CLANG_ENABLE_MODULES = YES;
				CLANG_ENABLE_OBJC_ARC = YES;
				CLANG_ENABLE_OBJC_WEAK = YES;
				CLANG_WARN_BLOCK_CAPTURE_AUTORELEASING = YES;
				CLANG_WARN_BOOL_CONVERSION = YES;
				CLANG_WARN_COMMA = YES;
				CLANG_WARN_CONSTANT_CONVERSION = YES;
				CLANG_WARN_DEPRECATED_OBJC_IMPLEMENTATIONS = YES;
				CLANG_WARN_DIRECT_OBJC_ISA_USAGE = YES_ERROR;
				CLANG_WARN_DOCUMENTATION_COMMENTS = YES;
				CLANG_WARN_EMPTY_BODY = YES;
				CLANG_WARN_ENUM_CONVERSION = YES;
				CLANG_WARN_INFINITE_RECURSION = YES;
				CLANG_WARN_INT_CONVERSION = YES;
				CLANG_WARN_NON_LITERAL_NULL_CONVERSION = YES;
				CLANG_WARN_OBJC_IMPLICIT_RETAIN_SELF = YES;
				CLANG_WARN_OBJC_LITERAL_CONVERSION = YES;
				CLANG_WARN_OBJC_ROOT_CLASS = YES_ERROR;
				CLANG_WARN_QUOTED_INCLUDE_IN_FRAMEWORK_HEADER = YES;
				CLANG_WARN_RANGE_LOOP_ANALYSIS = YES;
				CLANG_WARN_STRICT_PROTOTYPES = YES;
				CLANG_WARN_SUSPICIOUS_MOVE = YES;
				CLANG_WARN_UNGUARDED_AVAILABILITY = YES_AGGRESSIVE;
				CLANG_WARN_UNREACHABLE_CODE = YES;
				CLANG_WARN__DUPLICATE_METHOD_MATCH = YES;
				COPY_PHASE_STRIP = NO;
				DEBUG_INFORMATION_FORMAT = dwarf;
				ENABLE_STRICT_OBJC_MSGSEND = YES;
				ENABLE_TESTABILITY = YES;
				GCC_C_LANGUAGE_STANDARD = gnu11;
				GCC_DYNAMIC_NO_PIC = NO;
				GCC_NO_COMMON_BLOCKS = YES;
				GCC_OPTIMIZATION_LEVEL = 0;
				GCC_PREPROCESSOR_DEFINITIONS = (
					"DEBUG=1",
					"$(inherited)",
				);
				GCC_WARN_64_TO_32_BIT_CONVERSION = YES;
				GCC_WARN_ABOUT_RETURN_TYPE = YES_ERROR;
				GCC_WARN_UNDECLARED_SELECTOR = YES;
				GCC_WARN_UNINITIALIZED_AUTOS = YES_AGGRESSIVE;
				GCC_WARN_UNUSED_FUNCTION = YES;
				GCC_WARN_UNUSED_VARIABLE = YES;
				IPHONEOS_DEPLOYMENT_TARGET = 16.0;
				MTL_ENABLE_DEBUG_INFO = INCLUDE_SOURCE;
				MTL_FAST_MATH = YES;
				ONLY_ACTIVE_ARCH = YES;
				SDKROOT = iphoneos;
				SWIFT_ACTIVE_COMPILATION_CONDITIONS = DEBUG;
				SWIFT_OPTIMIZATION_LEVEL = "-Onone";
			};
			name = Debug;
		};
		E32EE7F62922F0D40088580C /* Release */ = {
			isa = XCBuildConfiguration;
			buildSettings = {
				ALWAYS_SEARCH_USER_PATHS = NO;
				CLANG_ANALYZER_NONNULL = YES;
				CLANG_ANALYZER_NUMBER_OBJECT_CONVERSION = YES_AGGRESSIVE;
				CLANG_CXX_LANGUAGE_STANDARD = "gnu++20";
				CLANG_ENABLE_MODULES = YES;
				CLANG_ENABLE_OBJC_ARC = YES;
				CLANG_ENABLE_OBJC_WEAK = YES;
				CLANG_WARN_BLOCK_CAPTURE_AUTORELEASING = YES;
				CLANG_WARN_BOOL_CONVERSION = YES;
				CLANG_WARN_COMMA = YES;
				CLANG_WARN_CONSTANT_CONVERSION = YES;
				CLANG_WARN_DEPRECATED_OBJC_IMPLEMENTATIONS = YES;
				CLANG_WARN_DIRECT_OBJC_ISA_USAGE = YES_ERROR;
				CLANG_WARN_DOCUMENTATION_COMMENTS = YES;
				CLANG_WARN_EMPTY_BODY = YES;
				CLANG_WARN_ENUM_CONVERSION = YES;
				CLANG_WARN_INFINITE_RECURSION = YES;
				CLANG_WARN_INT_CONVERSION = YES;
				CLANG_WARN_NON_LITERAL_NULL_CONVERSION = YES;
				CLANG_WARN_OBJC_IMPLICIT_RETAIN_SELF = YES;
				CLANG_WARN_OBJC_LITERAL_CONVERSION = YES;
				CLANG_WARN_OBJC_ROOT_CLASS = YES_ERROR;
				CLANG_WARN_QUOTED_INCLUDE_IN_FRAMEWORK_HEADER = YES;
				CLANG_WARN_RANGE_LOOP_ANALYSIS = YES;
				CLANG_WARN_STRICT_PROTOTYPES = YES;
				CLANG_WARN_SUSPICIOUS_MOVE = YES;
				CLANG_WARN_UNGUARDED_AVAILABILITY = YES_AGGRESSIVE;
				CLANG_WARN_UNREACHABLE_CODE = YES;
				CLANG_WARN__DUPLICATE_METHOD_MATCH = YES;
				COPY_PHASE_STRIP = NO;
				DEBUG_INFORMATION_FORMAT = "dwarf-with-dsym";
				ENABLE_NS_ASSERTIONS = NO;
				ENABLE_STRICT_OBJC_MSGSEND = YES;
				GCC_C_LANGUAGE_STANDARD = gnu11;
				GCC_NO_COMMON_BLOCKS = YES;
				GCC_WARN_64_TO_32_BIT_CONVERSION = YES;
				GCC_WARN_ABOUT_RETURN_TYPE = YES_ERROR;
				GCC_WARN_UNDECLARED_SELECTOR = YES;
				GCC_WARN_UNINITIALIZED_AUTOS = YES_AGGRESSIVE;
				GCC_WARN_UNUSED_FUNCTION = YES;
				GCC_WARN_UNUSED_VARIABLE = YES;
				IPHONEOS_DEPLOYMENT_TARGET = 16.0;
				MTL_ENABLE_DEBUG_INFO = NO;
				MTL_FAST_MATH = YES;
				SDKROOT = iphoneos;
				SWIFT_COMPILATION_MODE = wholemodule;
				SWIFT_OPTIMIZATION_LEVEL = "-O";
				VALIDATE_PRODUCT = YES;
			};
			name = Release;
		};
		E32EE7F82922F0D40088580C /* Debug */ = {
			isa = XCBuildConfiguration;
			buildSettings = {
				ASSETCATALOG_COMPILER_APPICON_NAME = AppIcon;
				ASSETCATALOG_COMPILER_GLOBAL_ACCENT_COLOR_NAME = AccentColor;
				CODE_SIGN_STYLE = Automatic;
				CURRENT_PROJECT_VERSION = 1;
				GENERATE_INFOPLIST_FILE = YES;
				INFOPLIST_FILE = MeusGastos/Info.plist;
				INFOPLIST_KEY_UIApplicationSupportsIndirectInputEvents = YES;
				INFOPLIST_KEY_UILaunchStoryboardName = LaunchScreen;
				INFOPLIST_KEY_UISupportedInterfaceOrientations_iPad = "UIInterfaceOrientationPortrait UIInterfaceOrientationPortraitUpsideDown UIInterfaceOrientationLandscapeLeft UIInterfaceOrientationLandscapeRight";
				INFOPLIST_KEY_UISupportedInterfaceOrientations_iPhone = "UIInterfaceOrientationPortrait UIInterfaceOrientationLandscapeLeft UIInterfaceOrientationLandscapeRight";
				LD_RUNPATH_SEARCH_PATHS = (
					"$(inherited)",
					"@executable_path/Frameworks",
				);
				MARKETING_VERSION = 1.0;
				PRODUCT_BUNDLE_IDENTIFIER = com.testeapp.MeusGastos;
				PRODUCT_NAME = "$(TARGET_NAME)";
				SWIFT_EMIT_LOC_STRINGS = YES;
				SWIFT_VERSION = 5.0;
				TARGETED_DEVICE_FAMILY = "1,2";
			};
			name = Debug;
		};
		E32EE7F92922F0D40088580C /* Release */ = {
			isa = XCBuildConfiguration;
			buildSettings = {
				ASSETCATALOG_COMPILER_APPICON_NAME = AppIcon;
				ASSETCATALOG_COMPILER_GLOBAL_ACCENT_COLOR_NAME = AccentColor;
				CODE_SIGN_STYLE = Automatic;
				CURRENT_PROJECT_VERSION = 1;
				GENERATE_INFOPLIST_FILE = YES;
				INFOPLIST_FILE = MeusGastos/Info.plist;
				INFOPLIST_KEY_UIApplicationSupportsIndirectInputEvents = YES;
				INFOPLIST_KEY_UILaunchStoryboardName = LaunchScreen;
				INFOPLIST_KEY_UISupportedInterfaceOrientations_iPad = "UIInterfaceOrientationPortrait UIInterfaceOrientationPortraitUpsideDown UIInterfaceOrientationLandscapeLeft UIInterfaceOrientationLandscapeRight";
				INFOPLIST_KEY_UISupportedInterfaceOrientations_iPhone = "UIInterfaceOrientationPortrait UIInterfaceOrientationLandscapeLeft UIInterfaceOrientationLandscapeRight";
				LD_RUNPATH_SEARCH_PATHS = (
					"$(inherited)",
					"@executable_path/Frameworks",
				);
				MARKETING_VERSION = 1.0;
				PRODUCT_BUNDLE_IDENTIFIER = com.testeapp.MeusGastos;
				PRODUCT_NAME = "$(TARGET_NAME)";
				SWIFT_EMIT_LOC_STRINGS = YES;
				SWIFT_VERSION = 5.0;
				TARGETED_DEVICE_FAMILY = "1,2";
			};
			name = Release;
		};
/* End XCBuildConfiguration section */

/* Begin XCConfigurationList section */
		E32EE7DE2922F0D10088580C /* Build configuration list for PBXProject "MeusGastos" */ = {
			isa = XCConfigurationList;
			buildConfigurations = (
				E32EE7F52922F0D40088580C /* Debug */,
				E32EE7F62922F0D40088580C /* Release */,
			);
			defaultConfigurationIsVisible = 0;
			defaultConfigurationName = Release;
		};
		E32EE7F72922F0D40088580C /* Build configuration list for PBXNativeTarget "MeusGastos" */ = {
			isa = XCConfigurationList;
			buildConfigurations = (
				E32EE7F82922F0D40088580C /* Debug */,
				E32EE7F92922F0D40088580C /* Release */,
			);
			defaultConfigurationIsVisible = 0;
			defaultConfigurationName = Release;
		};
/* End XCConfigurationList section */
	};
	rootObject = E32EE7DB2922F0D10088580C /* Project object */;
}
